
Microsoft Visual Studio Solution File, Format Version 12.00
# Visual Studio 2013
VisualStudioVersion = 12.0.21005.1
MinimumVisualStudioVersion = 10.0.40219.1
Project("{159641D6-6404-4A2A-AE62-294DE0FE8301}") = "COMPLETE_ETL_ROW_TO_TARGET", "COMPLETE_ETL_ROW_TO_TARGET\COMPLETE_ETL_ROW_TO_TARGET.dtproj", "{1C9892D2-C232-4F68-84E9-D26F4EAB9F10}"
EndProject
Global
	GlobalSection(SolutionConfigurationPlatforms) = preSolution
		Development|Default = Development|Default
	EndGlobalSection
	GlobalSection(ProjectConfigurationPlatforms) = postSolution
		{1C9892D2-C232-4F68-84E9-D26F4EAB9F10}.Development|Default.ActiveCfg = Development
		{1C9892D2-C232-4F68-84E9-D26F4EAB9F10}.Development|Default.Build.0 = Development
	EndGlobalSection
	GlobalSection(SolutionProperties) = preSolution
		HideSolutionNode = FALSE
	EndGlobalSection
EndGlobal
